
Microsoft Visual Studio Solution File, Format Version 12.00
# Visual Studio Version 17
VisualStudioVersion = 17.0.31903.59
MinimumVisualStudioVersion = 10.0.40219.1
Project("{2150E333-8FDC-42A3-9474-1A3956D46DE8}") = "src", "src", "{827E0CD3-B72D-47B6-A68D-7590B98EB39B}"
EndProject
Project("{FAE04EC0-301F-11D3-BF4B-00C04F79EFBC}") = "SmartOrder.Domain", "src\SmartOrder.Domain\SmartOrder.Domain.csproj", "{EA5AE691-403D-4BD6-93E9-D4E131132543}"
EndProject
Project("{FAE04EC0-301F-11D3-BF4B-00C04F79EFBC}") = "SmartOrder.Application", "src\SmartOrder.Application\SmartOrder.Application.csproj", "{82D61A91-2741-45CA-8250-8325B3DB1EB2}"
EndProject
Project("{FAE04EC0-301F-11D3-BF4B-00C04F79EFBC}") = "SmartOrder.Infrastructure", "src\SmartOrder.Infrastructure\SmartOrder.Infrastructure.csproj", "{201D41DD-969A-4E06-A514-8A794B21565A}"
EndProject
Project("{FAE04EC0-301F-11D3-BF4B-00C04F79EFBC}") = "SmartOrder.API", "src\SmartOrder.API\SmartOrder.API.csproj", "{53C42A65-8091-42EF-9A4B-939C0A157F02}"
EndProject
Project("{2150E333-8FDC-42A3-9474-1A3956D46DE8}") = "tests", "tests", "{0AB3BF05-4346-4AA6-1389-037BE0695223}"
EndProject
Project("{FAE04EC0-301F-11D3-BF4B-00C04F79EFBC}") = "SmartOrder.Domain.Tests", "tests\SmartOrder.Domain.Tests\SmartOrder.Domain.Tests.csproj", "{F132D516-9ABE-4E8F-8A02-E4380C4508FC}"
EndProject
Project("{FAE04EC0-301F-11D3-BF4B-00C04F79EFBC}") = "SmartOrder.Application.Tests", "tests\SmartOrder.Application.Tests\SmartOrder.Application.Tests.csproj", "{D7DED90E-70F8-4897-8872-C80E39988E16}"
EndProject
Global
	GlobalSection(SolutionConfigurationPlatforms) = preSolution
		Debug|Any CPU = Debug|Any CPU
		Debug|x64 = Debug|x64
		Debug|x86 = Debug|x86
		Release|Any CPU = Release|Any CPU
		Release|x64 = Release|x64
		Release|x86 = Release|x86
	EndGlobalSection
	GlobalSection(ProjectConfigurationPlatforms) = postSolution
		{EA5AE691-403D-4BD6-93E9-D4E131132543}.Debug|Any CPU.ActiveCfg = Debug|Any CPU
		{EA5AE691-403D-4BD6-93E9-D4E131132543}.Debug|Any CPU.Build.0 = Debug|Any CPU
		{EA5AE691-403D-4BD6-93E9-D4E131132543}.Debug|x64.ActiveCfg = Debug|Any CPU
		{EA5AE691-403D-4BD6-93E9-D4E131132543}.Debug|x64.Build.0 = Debug|Any CPU
		{EA5AE691-403D-4BD6-93E9-D4E131132543}.Debug|x86.ActiveCfg = Debug|Any CPU
		{EA5AE691-403D-4BD6-93E9-D4E131132543}.Debug|x86.Build.0 = Debug|Any CPU
		{EA5AE691-403D-4BD6-93E9-D4E131132543}.Release|Any CPU.ActiveCfg = Release|Any CPU
		{EA5AE691-403D-4BD6-93E9-D4E131132543}.Release|Any CPU.Build.0 = Release|Any CPU
		{EA5AE691-403D-4BD6-93E9-D4E131132543}.Release|x64.ActiveCfg = Release|Any CPU
		{EA5AE691-403D-4BD6-93E9-D4E131132543}.Release|x64.Build.0 = Release|Any CPU
		{EA5AE691-403D-4BD6-93E9-D4E131132543}.Release|x86.ActiveCfg = Release|Any CPU
		{EA5AE691-403D-4BD6-93E9-D4E131132543}.Release|x86.Build.0 = Release|Any CPU
		{82D61A91-2741-45CA-8250-8325B3DB1EB2}.Debug|Any CPU.ActiveCfg = Debug|Any CPU
		{82D61A91-2741-45CA-8250-8325B3DB1EB2}.Debug|Any CPU.Build.0 = Debug|Any CPU
		{82D61A91-2741-45CA-8250-8325B3DB1EB2}.Debug|x64.ActiveCfg = Debug|Any CPU
		{82D61A91-2741-45CA-8250-8325B3DB1EB2}.Debug|x64.Build.0 = Debug|Any CPU
		{82D61A91-2741-45CA-8250-8325B3DB1EB2}.Debug|x86.ActiveCfg = Debug|Any CPU
		{82D61A91-2741-45CA-8250-8325B3DB1EB2}.Debug|x86.Build.0 = Debug|Any CPU
		{82D61A91-2741-45CA-8250-8325B3DB1EB2}.Release|Any CPU.ActiveCfg = Release|Any CPU
		{82D61A91-2741-45CA-8250-8325B3DB1EB2}.Release|Any CPU.Build.0 = Release|Any CPU
		{82D61A91-2741-45CA-8250-8325B3DB1EB2}.Release|x64.ActiveCfg = Release|Any CPU
		{82D61A91-2741-45CA-8250-8325B3DB1EB2}.Release|x64.Build.0 = Release|Any CPU
		{82D61A91-2741-45CA-8250-8325B3DB1EB2}.Release|x86.ActiveCfg = Release|Any CPU
		{82D61A91-2741-45CA-8250-8325B3DB1EB2}.Release|x86.Build.0 = Release|Any CPU
		{201D41DD-969A-4E06-A514-8A794B21565A}.Debug|Any CPU.ActiveCfg = Debug|Any CPU
		{201D41DD-969A-4E06-A514-8A794B21565A}.Debug|Any CPU.Build.0 = Debug|Any CPU
		{201D41DD-969A-4E06-A514-8A794B21565A}.Debug|x64.ActiveCfg = Debug|Any CPU
		{201D41DD-969A-4E06-A514-8A794B21565A}.Debug|x64.Build.0 = Debug|Any CPU
		{201D41DD-969A-4E06-A514-8A794B21565A}.Debug|x86.ActiveCfg = Debug|Any CPU
		{201D41DD-969A-4E06-A514-8A794B21565A}.Debug|x86.Build.0 = Debug|Any CPU
		{201D41DD-969A-4E06-A514-8A794B21565A}.Release|Any CPU.ActiveCfg = Release|Any CPU
		{201D41DD-969A-4E06-A514-8A794B21565A}.Release|Any CPU.Build.0 = Release|Any CPU
		{201D41DD-969A-4E06-A514-8A794B21565A}.Release|x64.ActiveCfg = Release|Any CPU
		{201D41DD-969A-4E06-A514-8A794B21565A}.Release|x64.Build.0 = Release|Any CPU
		{201D41DD-969A-4E06-A514-8A794B21565A}.Release|x86.ActiveCfg = Release|Any CPU
		{201D41DD-969A-4E06-A514-8A794B21565A}.Release|x86.Build.0 = Release|Any CPU
		{53C42A65-8091-42EF-9A4B-939C0A157F02}.Debug|Any CPU.ActiveCfg = Debug|Any CPU
		{53C42A65-8091-42EF-9A4B-939C0A157F02}.Debug|Any CPU.Build.0 = Debug|Any CPU
		{53C42A65-8091-42EF-9A4B-939C0A157F02}.Debug|x64.ActiveCfg = Debug|Any CPU
		{53C42A65-8091-42EF-9A4B-939C0A157F02}.Debug|x64.Build.0 = Debug|Any CPU
		{53C42A65-8091-42EF-9A4B-939C0A157F02}.Debug|x86.ActiveCfg = Debug|Any CPU
		{53C42A65-8091-42EF-9A4B-939C0A157F02}.Debug|x86.Build.0 = Debug|Any CPU
		{53C42A65-8091-42EF-9A4B-939C0A157F02}.Release|Any CPU.ActiveCfg = Release|Any CPU
		{53C42A65-8091-42EF-9A4B-939C0A157F02}.Release|Any CPU.Build.0 = Release|Any CPU
		{53C42A65-8091-42EF-9A4B-939C0A157F02}.Release|x64.ActiveCfg = Release|Any CPU
		{53C42A65-8091-42EF-9A4B-939C0A157F02}.Release|x64.Build.0 = Release|Any CPU
		{53C42A65-8091-42EF-9A4B-939C0A157F02}.Release|x86.ActiveCfg = Release|Any CPU
		{53C42A65-8091-42EF-9A4B-939C0A157F02}.Release|x86.Build.0 = Release|Any CPU
		{F132D516-9ABE-4E8F-8A02-E4380C4508FC}.Debug|Any CPU.ActiveCfg = Debug|Any CPU
		{F132D516-9ABE-4E8F-8A02-E4380C4508FC}.Debug|Any CPU.Build.0 = Debug|Any CPU
		{F132D516-9ABE-4E8F-8A02-E4380C4508FC}.Debug|x64.ActiveCfg = Debug|Any CPU
		{F132D516-9ABE-4E8F-8A02-E4380C4508FC}.Debug|x64.Build.0 = Debug|Any CPU
		{F132D516-9ABE-4E8F-8A02-E4380C4508FC}.Debug|x86.ActiveCfg = Debug|Any CPU
		{F132D516-9ABE-4E8F-8A02-E4380C4508FC}.Debug|x86.Build.0 = Debug|Any CPU
		{F132D516-9ABE-4E8F-8A02-E4380C4508FC}.Release|Any CPU.ActiveCfg = Release|Any CPU
		{F132D516-9ABE-4E8F-8A02-E4380C4508FC}.Release|Any CPU.Build.0 = Release|Any CPU
		{F132D516-9ABE-4E8F-8A02-E4380C4508FC}.Release|x64.ActiveCfg = Release|Any CPU
		{F132D516-9ABE-4E8F-8A02-E4380C4508FC}.Release|x64.Build.0 = Release|Any CPU
		{F132D516-9ABE-4E8F-8A02-E4380C4508FC}.Release|x86.ActiveCfg = Release|Any CPU
		{F132D516-9ABE-4E8F-8A02-E4380C4508FC}.Release|x86.Build.0 = Release|Any CPU
		{D7DED90E-70F8-4897-8872-C80E39988E16}.Debug|Any CPU.ActiveCfg = Debug|Any CPU
		{D7DED90E-70F8-4897-8872-C80E39988E16}.Debug|Any CPU.Build.0 = Debug|Any CPU
		{D7DED90E-70F8-4897-8872-C80E39988E16}.Debug|x64.ActiveCfg = Debug|Any CPU
		{D7DED90E-70F8-4897-8872-C80E39988E16}.Debug|x64.Build.0 = Debug|Any CPU
		{D7DED90E-70F8-4897-8872-C80E39988E16}.Debug|x86.ActiveCfg = Debug|Any CPU
		{D7DED90E-70F8-4897-8872-C80E39988E16}.Debug|x86.Build.0 = Debug|Any CPU
		{D7DED90E-70F8-4897-8872-C80E39988E16}.Release|Any CPU.ActiveCfg = Release|Any CPU
		{D7DED90E-70F8-4897-8872-C80E39988E16}.Release|Any CPU.Build.0 = Release|Any CPU
		{D7DED90E-70F8-4897-8872-C80E39988E16}.Release|x64.ActiveCfg = Release|Any CPU
		{D7DED90E-70F8-4897-8872-C80E39988E16}.Release|x64.Build.0 = Release|Any CPU
		{D7DED90E-70F8-4897-8872-C80E39988E16}.Release|x86.ActiveCfg = Release|Any CPU
		{D7DED90E-70F8-4897-8872-C80E39988E16}.Release|x86.Build.0 = Release|Any CPU
	EndGlobalSection
	GlobalSection(SolutionProperties) = preSolution
		HideSolutionNode = FALSE
	EndGlobalSection
	GlobalSection(NestedProjects) = preSolution
		{EA5AE691-403D-4BD6-93E9-D4E131132543} = {827E0CD3-B72D-47B6-A68D-7590B98EB39B}
		{82D61A91-2741-45CA-8250-8325B3DB1EB2} = {827E0CD3-B72D-47B6-A68D-7590B98EB39B}
		{201D41DD-969A-4E06-A514-8A794B21565A} = {827E0CD3-B72D-47B6-A68D-7590B98EB39B}
		{53C42A65-8091-42EF-9A4B-939C0A157F02} = {827E0CD3-B72D-47B6-A68D-7590B98EB39B}
		{F132D516-9ABE-4E8F-8A02-E4380C4508FC} = {0AB3BF05-4346-4AA6-1389-037BE0695223}
		{D7DED90E-70F8-4897-8872-C80E39988E16} = {0AB3BF05-4346-4AA6-1389-037BE0695223}
	EndGlobalSection
EndGlobal
